// !$*UTF8*$!
{
	archiveVersion = 1;
	classes = {
	};
	objectVersion = 56;
	objects = {

/* Begin PBXBuildFile section */
		2B0B81412995DE7E00EA6B74 /* ChangeSchools.swift in Sources */ = {isa = PBXBuildFile; fileRef = 2B0B81402995DE7E00EA6B74 /* ChangeSchools.swift */; };
		2B0B81432995E10400EA6B74 /* LeaveUsAReviewButton.swift in Sources */ = {isa = PBXBuildFile; fileRef = 2B0B81422995E10400EA6B74 /* LeaveUsAReviewButton.swift */; };
		2B0B814529978BC900EA6B74 /* DeveloperSection.swift in Sources */ = {isa = PBXBuildFile; fileRef = 2B0B814429978BC900EA6B74 /* DeveloperSection.swift */; };
		2B0B81472997928500EA6B74 /* SuggestionsForm.swift in Sources */ = {isa = PBXBuildFile; fileRef = 2B0B81462997928500EA6B74 /* SuggestionsForm.swift */; };
		2B0B814A2997959900EA6B74 /* Alamofire in Frameworks */ = {isa = PBXBuildFile; productRef = 2B0B81492997959900EA6B74 /* Alamofire */; };
		2B18169B29BA949600BF0029 /* ProgressBar.swift in Sources */ = {isa = PBXBuildFile; fileRef = 2B18169A29BA949600BF0029 /* ProgressBar.swift */; };
		2B4C5C3B29771EC300C7A714 /* getFixedMenus.swift in Sources */ = {isa = PBXBuildFile; fileRef = 2B4C5C3A29771EC300C7A714 /* getFixedMenus.swift */; };
		2B4C5C402977682E00C7A714 /* getUCLAfixed.swift in Sources */ = {isa = PBXBuildFile; fileRef = 2B4C5C3F2977682E00C7A714 /* getUCLAfixed.swift */; };
		2B59AE1829086FA50015ABAB /* UCLAApp.swift in Sources */ = {isa = PBXBuildFile; fileRef = 2B59AE1729086FA50015ABAB /* UCLAApp.swift */; };
		2B59AE1A29086FA50015ABAB /* ContentView.swift in Sources */ = {isa = PBXBuildFile; fileRef = 2B59AE1929086FA50015ABAB /* ContentView.swift */; };
		2B59AE1C29086FA90015ABAB /* Assets.xcassets in Resources */ = {isa = PBXBuildFile; fileRef = 2B59AE1B29086FA90015ABAB /* Assets.xcassets */; };
		2B59AE1F29086FA90015ABAB /* Preview Assets.xcassets in Resources */ = {isa = PBXBuildFile; fileRef = 2B59AE1E29086FA90015ABAB /* Preview Assets.xcassets */; };
		2B59AE2629086FEA0015ABAB /* LaunchAnimation.swift in Sources */ = {isa = PBXBuildFile; fileRef = 2B59AE2529086FEA0015ABAB /* LaunchAnimation.swift */; };
		2B59AE2A2908704C0015ABAB /* FoodIcon.swift in Sources */ = {isa = PBXBuildFile; fileRef = 2B59AE292908704C0015ABAB /* FoodIcon.swift */; };
		2B59AE2C290870590015ABAB /* Hall.swift in Sources */ = {isa = PBXBuildFile; fileRef = 2B59AE2B290870590015ABAB /* Hall.swift */; };
		2B59AE2E290870720015ABAB /* Menu.swift in Sources */ = {isa = PBXBuildFile; fileRef = 2B59AE2D290870720015ABAB /* Menu.swift */; };
		2B663DB729563D2E0087AAE6 /* CKWistfulRegular.ttf in Resources */ = {isa = PBXBuildFile; fileRef = 2B663DB629563D2E0087AAE6 /* CKWistfulRegular.ttf */; };
		2B6A7C56296A40E200D977EC /* BannerAd.swift in Sources */ = {isa = PBXBuildFile; fileRef = 2B6A7C55296A40E200D977EC /* BannerAd.swift */; };
		2B97A60E2977CD5D00978D93 /* getUCSBfixed.swift in Sources */ = {isa = PBXBuildFile; fileRef = 2B97A60D2977CD5D00978D93 /* getUCSBfixed.swift */; };
		2B9C9822297240BF00565E75 /* Menu_Section.swift in Sources */ = {isa = PBXBuildFile; fileRef = 2B9C9821297240BF00565E75 /* Menu_Section.swift */; };
		2B9C98442975191100565E75 /* FillInView.swift in Sources */ = {isa = PBXBuildFile; fileRef = 2B9C98432975191100565E75 /* FillInView.swift */; };
		2B9C98462975368400565E75 /* FirstTimeView.swift in Sources */ = {isa = PBXBuildFile; fileRef = 2B9C98452975368400565E75 /* FirstTimeView.swift */; };
		2BCE927629598BF40039AD9E /* fixed_menu.swift in Sources */ = {isa = PBXBuildFile; fileRef = 2BCE927529598BF40039AD9E /* fixed_menu.swift */; };
		2BCE927C295AA1AF0039AD9E /* Fixed_Menu_Section.swift in Sources */ = {isa = PBXBuildFile; fileRef = 2BCE927B295AA1AF0039AD9E /* Fixed_Menu_Section.swift */; };
		2BD47313297F8DF40058F5F8 /* SettingsView.swift in Sources */ = {isa = PBXBuildFile; fileRef = 2BD47312297F8DF40058F5F8 /* SettingsView.swift */; };
		9175FA39298261450089FAB3 /* Lollicup Fresh Boba pdf.pdf in Resources */ = {isa = PBXBuildFile; fileRef = 9175FA38298261450089FAB3 /* Lollicup Fresh Boba pdf.pdf */; };
		9175FA3B298261530089FAB3 /* Bytes Cafe pdf.pdf in Resources */ = {isa = PBXBuildFile; fileRef = 9175FA3A298261530089FAB3 /* Bytes Cafe pdf.pdf */; };
		9175FA3D298261620089FAB3 /* Ivan's Coffee Shop pdf.pdf in Resources */ = {isa = PBXBuildFile; fileRef = 9175FA3C298261620089FAB3 /* Ivan's Coffee Shop pdf.pdf */; };
		9175FA3F2982628F0089FAB3 /* getUCRfixed.swift in Sources */ = {isa = PBXBuildFile; fileRef = 9175FA3E2982628F0089FAB3 /* getUCRfixed.swift */; };
		9175FA41298266130089FAB3 /* getUCDfixed.swift in Sources */ = {isa = PBXBuildFile; fileRef = 9175FA40298266130089FAB3 /* getUCDfixed.swift */; };
		91B9F34B2982685D0098B74D /* Crepe Bistro Menu pdf.pdf in Resources */ = {isa = PBXBuildFile; fileRef = 91B9F34A2982685D0098B74D /* Crepe Bistro Menu pdf.pdf */; };
		91CD616A29BB0D4700E25031 /* FavoritesView.swift in Sources */ = {isa = PBXBuildFile; fileRef = 91CD616929BB0D4700E25031 /* FavoritesView.swift */; };
		91CDFE45298DDEF300504AB3 /* FooterView.swift in Sources */ = {isa = PBXBuildFile; fileRef = 91CDFE44298DDEF300504AB3 /* FooterView.swift */; };
		91E137ED29A0A77B00C26AE7 /* SwiftUIX in Frameworks */ = {isa = PBXBuildFile; productRef = 91E137EC29A0A77B00C26AE7 /* SwiftUIX */; };
		91E137EF29A0A88400C26AE7 /* ItemDataObject.swift in Sources */ = {isa = PBXBuildFile; fileRef = 91E137EE29A0A88400C26AE7 /* ItemDataObject.swift */; };
		9D187C9F6AB25B1597D57A88 /* Pods_UCLA_Dining.framework in Frameworks */ = {isa = PBXBuildFile; fileRef = 9FAA17914E9EC07124D314FC /* Pods_UCLA_Dining.framework */; };
		F5009F4629AC064600A2ED20 /* getUCBfixed.swift in Sources */ = {isa = PBXBuildFile; fileRef = F5009F4529AC064600A2ED20 /* getUCBfixed.swift */; };
		F557933429B19C4A00310AC4 /* getUTfixed.swift in Sources */ = {isa = PBXBuildFile; fileRef = F557933329B19C4A00310AC4 /* getUTfixed.swift */; };
		F58ECE4D29A9DDA600CC8F73 /* getUCSCfixed.swift in Sources */ = {isa = PBXBuildFile; fileRef = F58ECE4C29A9DDA500CC8F73 /* getUCSCfixed.swift */; };
/* End PBXBuildFile section */

/* Begin PBXFileReference section */
		0B7CBA3D87460FD79359F31B /* Pods-UCLA Dining.debug.xcconfig */ = {isa = PBXFileReference; includeInIndex = 1; lastKnownFileType = text.xcconfig; name = "Pods-UCLA Dining.debug.xcconfig"; path = "Target Support Files/Pods-UCLA Dining/Pods-UCLA Dining.debug.xcconfig"; sourceTree = "<group>"; };
		2B0B81402995DE7E00EA6B74 /* ChangeSchools.swift */ = {isa = PBXFileReference; lastKnownFileType = sourcecode.swift; path = ChangeSchools.swift; sourceTree = "<group>"; };
		2B0B81422995E10400EA6B74 /* LeaveUsAReviewButton.swift */ = {isa = PBXFileReference; lastKnownFileType = sourcecode.swift; path = LeaveUsAReviewButton.swift; sourceTree = "<group>"; };
		2B0B814429978BC900EA6B74 /* DeveloperSection.swift */ = {isa = PBXFileReference; lastKnownFileType = sourcecode.swift; path = DeveloperSection.swift; sourceTree = "<group>"; };
		2B0B81462997928500EA6B74 /* SuggestionsForm.swift */ = {isa = PBXFileReference; lastKnownFileType = sourcecode.swift; path = SuggestionsForm.swift; sourceTree = "<group>"; };
		2B18169A29BA949600BF0029 /* ProgressBar.swift */ = {isa = PBXFileReference; lastKnownFileType = sourcecode.swift; path = ProgressBar.swift; sourceTree = "<group>"; };
		2B4C5C3A29771EC300C7A714 /* getFixedMenus.swift */ = {isa = PBXFileReference; lastKnownFileType = sourcecode.swift; path = getFixedMenus.swift; sourceTree = "<group>"; };
		2B4C5C3F2977682E00C7A714 /* getUCLAfixed.swift */ = {isa = PBXFileReference; lastKnownFileType = sourcecode.swift; path = getUCLAfixed.swift; sourceTree = "<group>"; };
		2B59AE1429086FA50015ABAB /* UCLA Dining.app */ = {isa = PBXFileReference; explicitFileType = wrapper.application; includeInIndex = 0; path = "UCLA Dining.app"; sourceTree = BUILT_PRODUCTS_DIR; };
		2B59AE1729086FA50015ABAB /* UCLAApp.swift */ = {isa = PBXFileReference; lastKnownFileType = sourcecode.swift; path = UCLAApp.swift; sourceTree = "<group>"; };
		2B59AE1929086FA50015ABAB /* ContentView.swift */ = {isa = PBXFileReference; lastKnownFileType = sourcecode.swift; path = ContentView.swift; sourceTree = "<group>"; };
		2B59AE1B29086FA90015ABAB /* Assets.xcassets */ = {isa = PBXFileReference; lastKnownFileType = folder.assetcatalog; path = Assets.xcassets; sourceTree = "<group>"; };
		2B59AE1E29086FA90015ABAB /* Preview Assets.xcassets */ = {isa = PBXFileReference; lastKnownFileType = folder.assetcatalog; path = "Preview Assets.xcassets"; sourceTree = "<group>"; };
		2B59AE2529086FEA0015ABAB /* LaunchAnimation.swift */ = {isa = PBXFileReference; lastKnownFileType = sourcecode.swift; path = LaunchAnimation.swift; sourceTree = "<group>"; };
		2B59AE292908704C0015ABAB /* FoodIcon.swift */ = {isa = PBXFileReference; lastKnownFileType = sourcecode.swift; path = FoodIcon.swift; sourceTree = "<group>"; };
		2B59AE2B290870590015ABAB /* Hall.swift */ = {isa = PBXFileReference; lastKnownFileType = sourcecode.swift; path = Hall.swift; sourceTree = "<group>"; };
		2B59AE2D290870720015ABAB /* Menu.swift */ = {isa = PBXFileReference; lastKnownFileType = sourcecode.swift; path = Menu.swift; sourceTree = "<group>"; };
		2B663DB529563C8B0087AAE6 /* UCLA-Dining-Info.plist */ = {isa = PBXFileReference; lastKnownFileType = text.plist; path = "UCLA-Dining-Info.plist"; sourceTree = SOURCE_ROOT; };
		2B663DB629563D2E0087AAE6 /* CKWistfulRegular.ttf */ = {isa = PBXFileReference; lastKnownFileType = file; path = CKWistfulRegular.ttf; sourceTree = "<group>"; };
		2B6A7C55296A40E200D977EC /* BannerAd.swift */ = {isa = PBXFileReference; lastKnownFileType = sourcecode.swift; path = BannerAd.swift; sourceTree = "<group>"; };
		2B97A60D2977CD5D00978D93 /* getUCSBfixed.swift */ = {isa = PBXFileReference; lastKnownFileType = sourcecode.swift; path = getUCSBfixed.swift; sourceTree = "<group>"; };
		2B9C9821297240BF00565E75 /* Menu_Section.swift */ = {isa = PBXFileReference; lastKnownFileType = sourcecode.swift; path = Menu_Section.swift; sourceTree = "<group>"; };
		2B9C98432975191100565E75 /* FillInView.swift */ = {isa = PBXFileReference; lastKnownFileType = sourcecode.swift; path = FillInView.swift; sourceTree = "<group>"; };
		2B9C98452975368400565E75 /* FirstTimeView.swift */ = {isa = PBXFileReference; lastKnownFileType = sourcecode.swift; path = FirstTimeView.swift; sourceTree = "<group>"; };
		2BCE927529598BF40039AD9E /* fixed_menu.swift */ = {isa = PBXFileReference; lastKnownFileType = sourcecode.swift; path = fixed_menu.swift; sourceTree = "<group>"; };
		2BCE927B295AA1AF0039AD9E /* Fixed_Menu_Section.swift */ = {isa = PBXFileReference; lastKnownFileType = sourcecode.swift; path = Fixed_Menu_Section.swift; sourceTree = "<group>"; };
		2BD47312297F8DF40058F5F8 /* SettingsView.swift */ = {isa = PBXFileReference; lastKnownFileType = sourcecode.swift; path = SettingsView.swift; sourceTree = "<group>"; };
		9175FA38298261450089FAB3 /* Lollicup Fresh Boba pdf.pdf */ = {isa = PBXFileReference; lastKnownFileType = image.pdf; path = "Lollicup Fresh Boba pdf.pdf"; sourceTree = "<group>"; };
		9175FA3A298261530089FAB3 /* Bytes Cafe pdf.pdf */ = {isa = PBXFileReference; lastKnownFileType = image.pdf; path = "Bytes Cafe pdf.pdf"; sourceTree = "<group>"; };
		9175FA3C298261620089FAB3 /* Ivan's Coffee Shop pdf.pdf */ = {isa = PBXFileReference; lastKnownFileType = image.pdf; path = "Ivan's Coffee Shop pdf.pdf"; sourceTree = "<group>"; };
		9175FA3E2982628F0089FAB3 /* getUCRfixed.swift */ = {isa = PBXFileReference; lastKnownFileType = sourcecode.swift; path = getUCRfixed.swift; sourceTree = "<group>"; };
		9175FA40298266130089FAB3 /* getUCDfixed.swift */ = {isa = PBXFileReference; lastKnownFileType = sourcecode.swift; path = getUCDfixed.swift; sourceTree = "<group>"; };
		91B9F34A2982685D0098B74D /* Crepe Bistro Menu pdf.pdf */ = {isa = PBXFileReference; lastKnownFileType = image.pdf; path = "Crepe Bistro Menu pdf.pdf"; sourceTree = "<group>"; };
		91CD616929BB0D4700E25031 /* FavoritesView.swift */ = {isa = PBXFileReference; lastKnownFileType = sourcecode.swift; path = FavoritesView.swift; sourceTree = "<group>"; };
		91CDFE44298DDEF300504AB3 /* FooterView.swift */ = {isa = PBXFileReference; lastKnownFileType = sourcecode.swift; path = FooterView.swift; sourceTree = "<group>"; };
		91E137EE29A0A88400C26AE7 /* ItemDataObject.swift */ = {isa = PBXFileReference; lastKnownFileType = sourcecode.swift; path = ItemDataObject.swift; sourceTree = "<group>"; };
		9FAA17914E9EC07124D314FC /* Pods_UCLA_Dining.framework */ = {isa = PBXFileReference; explicitFileType = wrapper.framework; includeInIndex = 0; path = Pods_UCLA_Dining.framework; sourceTree = BUILT_PRODUCTS_DIR; };
		D05CF450628FF0AC32BF773C /* Pods-UCLA Dining.release.xcconfig */ = {isa = PBXFileReference; includeInIndex = 1; lastKnownFileType = text.xcconfig; name = "Pods-UCLA Dining.release.xcconfig"; path = "Target Support Files/Pods-UCLA Dining/Pods-UCLA Dining.release.xcconfig"; sourceTree = "<group>"; };
		F5009F4529AC064600A2ED20 /* getUCBfixed.swift */ = {isa = PBXFileReference; lastKnownFileType = sourcecode.swift; path = getUCBfixed.swift; sourceTree = "<group>"; };
		F557933329B19C4A00310AC4 /* getUTfixed.swift */ = {isa = PBXFileReference; lastKnownFileType = sourcecode.swift; path = getUTfixed.swift; sourceTree = "<group>"; };
		F58ECE4C29A9DDA500CC8F73 /* getUCSCfixed.swift */ = {isa = PBXFileReference; lastKnownFileType = sourcecode.swift; path = getUCSCfixed.swift; sourceTree = "<group>"; };
/* End PBXFileReference section */

/* Begin PBXFrameworksBuildPhase section */
		2B59AE1129086FA50015ABAB /* Frameworks */ = {
			isa = PBXFrameworksBuildPhase;
			buildActionMask = 2147483647;
			files = (
				91E137ED29A0A77B00C26AE7 /* SwiftUIX in Frameworks */,
				9D187C9F6AB25B1597D57A88 /* Pods_UCLA_Dining.framework in Frameworks */,
				2B0B814A2997959900EA6B74 /* Alamofire in Frameworks */,
			);
			runOnlyForDeploymentPostprocessing = 0;
		};
/* End PBXFrameworksBuildPhase section */

/* Begin PBXGroup section */
		2B4C5C3C2977202600C7A714 /* FirstTimeViews */ = {
			isa = PBXGroup;
			children = (
				2B9C98452975368400565E75 /* FirstTimeView.swift */,
				2B9C98432975191100565E75 /* FillInView.swift */,
			);
			path = FirstTimeViews;
			sourceTree = "<group>";
		};
		2B4C5C3D297726E200C7A714 /* UCLA */ = {
			isa = PBXGroup;
			children = (
			);
			path = UCLA;
			sourceTree = "<group>";
		};
		2B4C5C3E2977680200C7A714 /* getFixedMenus */ = {
			isa = PBXGroup;
			children = (
				2B4C5C3A29771EC300C7A714 /* getFixedMenus.swift */,
				2B4C5C3F2977682E00C7A714 /* getUCLAfixed.swift */,
				F5009F4529AC064600A2ED20 /* getUCBfixed.swift */,
				2B97A60D2977CD5D00978D93 /* getUCSBfixed.swift */,
				9175FA3E2982628F0089FAB3 /* getUCRfixed.swift */,
				9175FA40298266130089FAB3 /* getUCDfixed.swift */,
				F58ECE4C29A9DDA500CC8F73 /* getUCSCfixed.swift */,
				F557933329B19C4A00310AC4 /* getUTfixed.swift */,
			);
			path = getFixedMenus;
			sourceTree = "<group>";
		};
		2B59AE0B29086FA50015ABAB = {
			isa = PBXGroup;
			children = (
				2B59AE1629086FA50015ABAB /* UCLA Dining */,
				2B59AE1529086FA50015ABAB /* Products */,
				3F5014CAB6ADE3A47649DE10 /* Pods */,
				8DE798CAD9E117A5CFF22E35 /* Frameworks */,
			);
			sourceTree = "<group>";
		};
		2B59AE1529086FA50015ABAB /* Products */ = {
			isa = PBXGroup;
			children = (
				2B59AE1429086FA50015ABAB /* UCLA Dining.app */,
			);
			name = Products;
			sourceTree = "<group>";
		};
		2B59AE1629086FA50015ABAB /* UCLA Dining */ = {
			isa = PBXGroup;
			children = (
				2B663DB529563C8B0087AAE6 /* UCLA-Dining-Info.plist */,
				2B59AE1729086FA50015ABAB /* UCLAApp.swift */,
				2B59AE2529086FEA0015ABAB /* LaunchAnimation.swift */,
				2B59AE1929086FA50015ABAB /* ContentView.swift */,
				91CD616929BB0D4700E25031 /* FavoritesView.swift */,
				91CDFE44298DDEF300504AB3 /* FooterView.swift */,
				2B18169A29BA949600BF0029 /* ProgressBar.swift */,
				2B4C5C3E2977680200C7A714 /* getFixedMenus */,
				2BD4730F297F8DC20058F5F8 /* Settings */,
				2B4C5C3C2977202600C7A714 /* FirstTimeViews */,
				2B6A7C522969252E00D977EC /* AdMob */,
				2B6A7C2329639DF800D977EC /* fixed_menus_pdf */,
				2B59AE272908702C0015ABAB /* Menu */,
				2B59AE28290870320015ABAB /* Icons */,
				2B663DB229563B5B0087AAE6 /* fonts */,
				2B59AE1B29086FA90015ABAB /* Assets.xcassets */,
				2B59AE1D29086FA90015ABAB /* Preview Content */,
				91E137EE29A0A88400C26AE7 /* ItemDataObject.swift */,
			);
			path = "UCLA Dining";
			sourceTree = "<group>";
		};
		2B59AE1D29086FA90015ABAB /* Preview Content */ = {
			isa = PBXGroup;
			children = (
				2B59AE1E29086FA90015ABAB /* Preview Assets.xcassets */,
			);
			path = "Preview Content";
			sourceTree = "<group>";
		};
		2B59AE272908702C0015ABAB /* Menu */ = {
			isa = PBXGroup;
			children = (
				2B59AE2D290870720015ABAB /* Menu.swift */,
				2B9C9821297240BF00565E75 /* Menu_Section.swift */,
				2BCE927529598BF40039AD9E /* fixed_menu.swift */,
				2BCE927B295AA1AF0039AD9E /* Fixed_Menu_Section.swift */,
			);
			path = Menu;
			sourceTree = "<group>";
		};
		2B59AE28290870320015ABAB /* Icons */ = {
			isa = PBXGroup;
			children = (
				2B59AE292908704C0015ABAB /* FoodIcon.swift */,
				2B59AE2B290870590015ABAB /* Hall.swift */,
			);
			path = Icons;
			sourceTree = "<group>";
		};
		2B663DB229563B5B0087AAE6 /* fonts */ = {
			isa = PBXGroup;
			children = (
				2B663DB629563D2E0087AAE6 /* CKWistfulRegular.ttf */,
			);
			path = fonts;
			sourceTree = "<group>";
		};
		2B6A7C2329639DF800D977EC /* fixed_menus_pdf */ = {
			isa = PBXGroup;
			children = (
				91B9F349298268460098B74D /* UCD */,
				9175FA372982612B0089FAB3 /* UCR */,
				9156C2FF29778833006E8BF9 /* UCSB */,
				2B4C5C3D297726E200C7A714 /* UCLA */,
			);
			path = fixed_menus_pdf;
			sourceTree = "<group>";
		};
		2B6A7C522969252E00D977EC /* AdMob */ = {
			isa = PBXGroup;
			children = (
				2B6A7C55296A40E200D977EC /* BannerAd.swift */,
			);
			path = AdMob;
			sourceTree = "<group>";
		};
		2BD4730F297F8DC20058F5F8 /* Settings */ = {
			isa = PBXGroup;
			children = (
				2BD47312297F8DF40058F5F8 /* SettingsView.swift */,
				2B0B81402995DE7E00EA6B74 /* ChangeSchools.swift */,
				2B0B814429978BC900EA6B74 /* DeveloperSection.swift */,
				2B0B81462997928500EA6B74 /* SuggestionsForm.swift */,
				2B0B81422995E10400EA6B74 /* LeaveUsAReviewButton.swift */,
			);
			path = Settings;
			sourceTree = "<group>";
		};
		3F5014CAB6ADE3A47649DE10 /* Pods */ = {
			isa = PBXGroup;
			children = (
				0B7CBA3D87460FD79359F31B /* Pods-UCLA Dining.debug.xcconfig */,
				D05CF450628FF0AC32BF773C /* Pods-UCLA Dining.release.xcconfig */,
			);
			path = Pods;
			sourceTree = "<group>";
		};
		8DE798CAD9E117A5CFF22E35 /* Frameworks */ = {
			isa = PBXGroup;
			children = (
				9FAA17914E9EC07124D314FC /* Pods_UCLA_Dining.framework */,
			);
			name = Frameworks;
			sourceTree = "<group>";
		};
		9156C2FF29778833006E8BF9 /* UCSB */ = {
			isa = PBXGroup;
			children = (
			);
			path = UCSB;
			sourceTree = "<group>";
		};
		9175FA372982612B0089FAB3 /* UCR */ = {
			isa = PBXGroup;
			children = (
				9175FA3C298261620089FAB3 /* Ivan's Coffee Shop pdf.pdf */,
				9175FA3A298261530089FAB3 /* Bytes Cafe pdf.pdf */,
				9175FA38298261450089FAB3 /* Lollicup Fresh Boba pdf.pdf */,
			);
			path = UCR;
			sourceTree = "<group>";
		};
		91B9F349298268460098B74D /* UCD */ = {
			isa = PBXGroup;
			children = (
				91B9F34A2982685D0098B74D /* Crepe Bistro Menu pdf.pdf */,
			);
			path = UCD;
			sourceTree = "<group>";
		};
/* End PBXGroup section */

/* Begin PBXNativeTarget section */
		2B59AE1329086FA50015ABAB /* UCLA Dining */ = {
			isa = PBXNativeTarget;
			buildConfigurationList = 2B59AE2229086FA90015ABAB /* Build configuration list for PBXNativeTarget "UCLA Dining" */;
			buildPhases = (
				05FD0D11A8E5AD9374BFA632 /* [CP] Check Pods Manifest.lock */,
				2B59AE1029086FA50015ABAB /* Sources */,
				2B59AE1129086FA50015ABAB /* Frameworks */,
				2B59AE1229086FA50015ABAB /* Resources */,
				F684ECED54F3473FBDE7C5E2 /* [CP] Embed Pods Frameworks */,
			);
			buildRules = (
			);
			dependencies = (
			);
			name = "UCLA Dining";
			packageProductDependencies = (
				2B0B81492997959900EA6B74 /* Alamofire */,
				91E137EC29A0A77B00C26AE7 /* SwiftUIX */,
			);
			productName = UCLA;
			productReference = 2B59AE1429086FA50015ABAB /* UCLA Dining.app */;
			productType = "com.apple.product-type.application";
		};
/* End PBXNativeTarget section */

/* Begin PBXProject section */
		2B59AE0C29086FA50015ABAB /* Project object */ = {
			isa = PBXProject;
			attributes = {
				BuildIndependentTargetsInParallel = 1;
				LastSwiftUpdateCheck = 1400;
				LastUpgradeCheck = 1400;
				TargetAttributes = {
					2B59AE1329086FA50015ABAB = {
						CreatedOnToolsVersion = 14.0.1;
					};
				};
			};
			buildConfigurationList = 2B59AE0F29086FA50015ABAB /* Build configuration list for PBXProject "UCLA Dining" */;
			compatibilityVersion = "Xcode 14.0";
			developmentRegion = en;
			hasScannedForEncodings = 0;
			knownRegions = (
				en,
				Base,
			);
			mainGroup = 2B59AE0B29086FA50015ABAB;
			packageReferences = (
				2B0B81482997959900EA6B74 /* XCRemoteSwiftPackageReference "Alamofire" */,
				91E137EB29A0A77B00C26AE7 /* XCRemoteSwiftPackageReference "SwiftUIX" */,
			);
			productRefGroup = 2B59AE1529086FA50015ABAB /* Products */;
			projectDirPath = "";
			projectRoot = "";
			targets = (
				2B59AE1329086FA50015ABAB /* UCLA Dining */,
			);
		};
/* End PBXProject section */

/* Begin PBXResourcesBuildPhase section */
		2B59AE1229086FA50015ABAB /* Resources */ = {
			isa = PBXResourcesBuildPhase;
			buildActionMask = 2147483647;
			files = (
				2B663DB729563D2E0087AAE6 /* CKWistfulRegular.ttf in Resources */,
				9175FA3D298261620089FAB3 /* Ivan's Coffee Shop pdf.pdf in Resources */,
				2B59AE1F29086FA90015ABAB /* Preview Assets.xcassets in Resources */,
				9175FA39298261450089FAB3 /* Lollicup Fresh Boba pdf.pdf in Resources */,
				2B59AE1C29086FA90015ABAB /* Assets.xcassets in Resources */,
				91B9F34B2982685D0098B74D /* Crepe Bistro Menu pdf.pdf in Resources */,
				9175FA3B298261530089FAB3 /* Bytes Cafe pdf.pdf in Resources */,
			);
			runOnlyForDeploymentPostprocessing = 0;
		};
/* End PBXResourcesBuildPhase section */

/* Begin PBXShellScriptBuildPhase section */
		05FD0D11A8E5AD9374BFA632 /* [CP] Check Pods Manifest.lock */ = {
			isa = PBXShellScriptBuildPhase;
			buildActionMask = 2147483647;
			files = (
			);
			inputFileListPaths = (
			);
			inputPaths = (
				"${PODS_PODFILE_DIR_PATH}/Podfile.lock",
				"${PODS_ROOT}/Manifest.lock",
			);
			name = "[CP] Check Pods Manifest.lock";
			outputFileListPaths = (
			);
			outputPaths = (
				"$(DERIVED_FILE_DIR)/Pods-UCLA Dining-checkManifestLockResult.txt",
			);
			runOnlyForDeploymentPostprocessing = 0;
			shellPath = /bin/sh;
			shellScript = "diff \"${PODS_PODFILE_DIR_PATH}/Podfile.lock\" \"${PODS_ROOT}/Manifest.lock\" > /dev/null\nif [ $? != 0 ] ; then\n    # print error to STDERR\n    echo \"error: The sandbox is not in sync with the Podfile.lock. Run 'pod install' or update your CocoaPods installation.\" >&2\n    exit 1\nfi\n# This output is used by Xcode 'outputs' to avoid re-running this script phase.\necho \"SUCCESS\" > \"${SCRIPT_OUTPUT_FILE_0}\"\n";
			showEnvVarsInLog = 0;
		};
		F684ECED54F3473FBDE7C5E2 /* [CP] Embed Pods Frameworks */ = {
			isa = PBXShellScriptBuildPhase;
			buildActionMask = 2147483647;
			files = (
			);
			inputFileListPaths = (
				"${PODS_ROOT}/Target Support Files/Pods-UCLA Dining/Pods-UCLA Dining-frameworks-${CONFIGURATION}-input-files.xcfilelist",
			);
			name = "[CP] Embed Pods Frameworks";
			outputFileListPaths = (
				"${PODS_ROOT}/Target Support Files/Pods-UCLA Dining/Pods-UCLA Dining-frameworks-${CONFIGURATION}-output-files.xcfilelist",
			);
			runOnlyForDeploymentPostprocessing = 0;
			shellPath = /bin/sh;
			shellScript = "\"${PODS_ROOT}/Target Support Files/Pods-UCLA Dining/Pods-UCLA Dining-frameworks.sh\"\n";
			showEnvVarsInLog = 0;
		};
/* End PBXShellScriptBuildPhase section */

/* Begin PBXSourcesBuildPhase section */
		2B59AE1029086FA50015ABAB /* Sources */ = {
			isa = PBXSourcesBuildPhase;
			buildActionMask = 2147483647;
			files = (
				9175FA41298266130089FAB3 /* getUCDfixed.swift in Sources */,
				2B59AE2E290870720015ABAB /* Menu.swift in Sources */,
				91CDFE45298DDEF300504AB3 /* FooterView.swift in Sources */,
				2BCE927C295AA1AF0039AD9E /* Fixed_Menu_Section.swift in Sources */,
				2B0B814529978BC900EA6B74 /* DeveloperSection.swift in Sources */,
				2B9C98442975191100565E75 /* FillInView.swift in Sources */,
				2B18169B29BA949600BF0029 /* ProgressBar.swift in Sources */,
				2B59AE1A29086FA50015ABAB /* ContentView.swift in Sources */,
				F58ECE4D29A9DDA600CC8F73 /* getUCSCfixed.swift in Sources */,
				91E137EF29A0A88400C26AE7 /* ItemDataObject.swift in Sources */,
				2B9C98462975368400565E75 /* FirstTimeView.swift in Sources */,
				F5009F4629AC064600A2ED20 /* getUCBfixed.swift in Sources */,
				2B97A60E2977CD5D00978D93 /* getUCSBfixed.swift in Sources */,
				F557933429B19C4A00310AC4 /* getUTfixed.swift in Sources */,
				2B59AE2C290870590015ABAB /* Hall.swift in Sources */,
				91CD616A29BB0D4700E25031 /* FavoritesView.swift in Sources */,
				9175FA3F2982628F0089FAB3 /* getUCRfixed.swift in Sources */,
				2B4C5C402977682E00C7A714 /* getUCLAfixed.swift in Sources */,
				2B0B81412995DE7E00EA6B74 /* ChangeSchools.swift in Sources */,
				2B59AE2629086FEA0015ABAB /* LaunchAnimation.swift in Sources */,
				2B0B81432995E10400EA6B74 /* LeaveUsAReviewButton.swift in Sources */,
				2BD47313297F8DF40058F5F8 /* SettingsView.swift in Sources */,
				2B6A7C56296A40E200D977EC /* BannerAd.swift in Sources */,
				2B9C9822297240BF00565E75 /* Menu_Section.swift in Sources */,
				2B59AE2A2908704C0015ABAB /* FoodIcon.swift in Sources */,
				2B0B81472997928500EA6B74 /* SuggestionsForm.swift in Sources */,
				2B4C5C3B29771EC300C7A714 /* getFixedMenus.swift in Sources */,
				2B59AE1829086FA50015ABAB /* UCLAApp.swift in Sources */,
				2BCE927629598BF40039AD9E /* fixed_menu.swift in Sources */,
			);
			runOnlyForDeploymentPostprocessing = 0;
		};
/* End PBXSourcesBuildPhase section */

/* Begin XCBuildConfiguration section */
		2B59AE2029086FA90015ABAB /* Debug */ = {
			isa = XCBuildConfiguration;
			buildSettings = {
				ALWAYS_SEARCH_USER_PATHS = NO;
				CLANG_ANALYZER_NONNULL = YES;
				CLANG_ANALYZER_NUMBER_OBJECT_CONVERSION = YES_AGGRESSIVE;
				CLANG_CXX_LANGUAGE_STANDARD = "gnu++20";
				CLANG_ENABLE_MODULES = YES;
				CLANG_ENABLE_OBJC_ARC = YES;
				CLANG_ENABLE_OBJC_WEAK = YES;
				CLANG_WARN_BLOCK_CAPTURE_AUTORELEASING = YES;
				CLANG_WARN_BOOL_CONVERSION = YES;
				CLANG_WARN_COMMA = YES;
				CLANG_WARN_CONSTANT_CONVERSION = YES;
				CLANG_WARN_DEPRECATED_OBJC_IMPLEMENTATIONS = YES;
				CLANG_WARN_DIRECT_OBJC_ISA_USAGE = YES_ERROR;
				CLANG_WARN_DOCUMENTATION_COMMENTS = YES;
				CLANG_WARN_EMPTY_BODY = YES;
				CLANG_WARN_ENUM_CONVERSION = YES;
				CLANG_WARN_INFINITE_RECURSION = YES;
				CLANG_WARN_INT_CONVERSION = YES;
				CLANG_WARN_NON_LITERAL_NULL_CONVERSION = YES;
				CLANG_WARN_OBJC_IMPLICIT_RETAIN_SELF = YES;
				CLANG_WARN_OBJC_LITERAL_CONVERSION = YES;
				CLANG_WARN_OBJC_ROOT_CLASS = YES_ERROR;
				CLANG_WARN_QUOTED_INCLUDE_IN_FRAMEWORK_HEADER = YES;
				CLANG_WARN_RANGE_LOOP_ANALYSIS = YES;
				CLANG_WARN_STRICT_PROTOTYPES = YES;
				CLANG_WARN_SUSPICIOUS_MOVE = YES;
				CLANG_WARN_UNGUARDED_AVAILABILITY = YES_AGGRESSIVE;
				CLANG_WARN_UNREACHABLE_CODE = YES;
				CLANG_WARN__DUPLICATE_METHOD_MATCH = YES;
				COPY_PHASE_STRIP = NO;
				DEBUG_INFORMATION_FORMAT = dwarf;
				ENABLE_STRICT_OBJC_MSGSEND = YES;
				ENABLE_TESTABILITY = YES;
				GCC_C_LANGUAGE_STANDARD = gnu11;
				GCC_DYNAMIC_NO_PIC = NO;
				GCC_NO_COMMON_BLOCKS = YES;
				GCC_OPTIMIZATION_LEVEL = 0;
				GCC_PREPROCESSOR_DEFINITIONS = (
					"DEBUG=1",
					"$(inherited)",
				);
				GCC_WARN_64_TO_32_BIT_CONVERSION = YES;
				GCC_WARN_ABOUT_RETURN_TYPE = YES_ERROR;
				GCC_WARN_UNDECLARED_SELECTOR = YES;
				GCC_WARN_UNINITIALIZED_AUTOS = YES_AGGRESSIVE;
				GCC_WARN_UNUSED_FUNCTION = YES;
				GCC_WARN_UNUSED_VARIABLE = YES;
				IPHONEOS_DEPLOYMENT_TARGET = 16.0;
				MTL_ENABLE_DEBUG_INFO = INCLUDE_SOURCE;
				MTL_FAST_MATH = YES;
				ONLY_ACTIVE_ARCH = YES;
				SDKROOT = iphoneos;
				SWIFT_ACTIVE_COMPILATION_CONDITIONS = DEBUG;
				SWIFT_OPTIMIZATION_LEVEL = "-Onone";
			};
			name = Debug;
		};
		2B59AE2129086FA90015ABAB /* Release */ = {
			isa = XCBuildConfiguration;
			buildSettings = {
				ALWAYS_SEARCH_USER_PATHS = NO;
				CLANG_ANALYZER_NONNULL = YES;
				CLANG_ANALYZER_NUMBER_OBJECT_CONVERSION = YES_AGGRESSIVE;
				CLANG_CXX_LANGUAGE_STANDARD = "gnu++20";
				CLANG_ENABLE_MODULES = YES;
				CLANG_ENABLE_OBJC_ARC = YES;
				CLANG_ENABLE_OBJC_WEAK = YES;
				CLANG_WARN_BLOCK_CAPTURE_AUTORELEASING = YES;
				CLANG_WARN_BOOL_CONVERSION = YES;
				CLANG_WARN_COMMA = YES;
				CLANG_WARN_CONSTANT_CONVERSION = YES;
				CLANG_WARN_DEPRECATED_OBJC_IMPLEMENTATIONS = YES;
				CLANG_WARN_DIRECT_OBJC_ISA_USAGE = YES_ERROR;
				CLANG_WARN_DOCUMENTATION_COMMENTS = YES;
				CLANG_WARN_EMPTY_BODY = YES;
				CLANG_WARN_ENUM_CONVERSION = YES;
				CLANG_WARN_INFINITE_RECURSION = YES;
				CLANG_WARN_INT_CONVERSION = YES;
				CLANG_WARN_NON_LITERAL_NULL_CONVERSION = YES;
				CLANG_WARN_OBJC_IMPLICIT_RETAIN_SELF = YES;
				CLANG_WARN_OBJC_LITERAL_CONVERSION = YES;
				CLANG_WARN_OBJC_ROOT_CLASS = YES_ERROR;
				CLANG_WARN_QUOTED_INCLUDE_IN_FRAMEWORK_HEADER = YES;
				CLANG_WARN_RANGE_LOOP_ANALYSIS = YES;
				CLANG_WARN_STRICT_PROTOTYPES = YES;
				CLANG_WARN_SUSPICIOUS_MOVE = YES;
				CLANG_WARN_UNGUARDED_AVAILABILITY = YES_AGGRESSIVE;
				CLANG_WARN_UNREACHABLE_CODE = YES;
				CLANG_WARN__DUPLICATE_METHOD_MATCH = YES;
				COPY_PHASE_STRIP = NO;
				DEBUG_INFORMATION_FORMAT = "dwarf-with-dsym";
				ENABLE_NS_ASSERTIONS = NO;
				ENABLE_STRICT_OBJC_MSGSEND = YES;
				GCC_C_LANGUAGE_STANDARD = gnu11;
				GCC_NO_COMMON_BLOCKS = YES;
				GCC_WARN_64_TO_32_BIT_CONVERSION = YES;
				GCC_WARN_ABOUT_RETURN_TYPE = YES_ERROR;
				GCC_WARN_UNDECLARED_SELECTOR = YES;
				GCC_WARN_UNINITIALIZED_AUTOS = YES_AGGRESSIVE;
				GCC_WARN_UNUSED_FUNCTION = YES;
				GCC_WARN_UNUSED_VARIABLE = YES;
				IPHONEOS_DEPLOYMENT_TARGET = 16.0;
				MTL_ENABLE_DEBUG_INFO = NO;
				MTL_FAST_MATH = YES;
				SDKROOT = iphoneos;
				SWIFT_COMPILATION_MODE = wholemodule;
				SWIFT_OPTIMIZATION_LEVEL = "-O";
				VALIDATE_PRODUCT = YES;
			};
			name = Release;
		};
		2B59AE2329086FA90015ABAB /* Debug */ = {
			isa = XCBuildConfiguration;
			baseConfigurationReference = 0B7CBA3D87460FD79359F31B /* Pods-UCLA Dining.debug.xcconfig */;
			buildSettings = {
				ASSETCATALOG_COMPILER_APPICON_NAME = AppIcon;
				ASSETCATALOG_COMPILER_GLOBAL_ACCENT_COLOR_NAME = AccentColor;
				CODE_SIGN_STYLE = Automatic;
				CURRENT_PROJECT_VERSION = 2;
				DEVELOPMENT_ASSET_PATHS = "\"UCLA Dining/Preview Content\"";
				DEVELOPMENT_TEAM = 8HM33Q7CQ6;
				ENABLE_PREVIEWS = YES;
				GENERATE_INFOPLIST_FILE = YES;
				INFOPLIST_FILE = "UCLA-Dining-Info.plist";
				INFOPLIST_KEY_CFBundleDisplayName = "Campus Cuisine";
				INFOPLIST_KEY_UIApplicationSceneManifest_Generation = YES;
				INFOPLIST_KEY_UIApplicationSupportsIndirectInputEvents = YES;
				INFOPLIST_KEY_UILaunchScreen_Generation = YES;
				INFOPLIST_KEY_UISupportedInterfaceOrientations = UIInterfaceOrientationPortrait;
				INFOPLIST_KEY_UISupportedInterfaceOrientations_iPad = "UIInterfaceOrientationLandscapeLeft UIInterfaceOrientationLandscapeRight UIInterfaceOrientationPortrait UIInterfaceOrientationPortraitUpsideDown";
				LD_RUNPATH_SEARCH_PATHS = (
					"$(inherited)",
					"@executable_path/Frameworks",
				);
				MARKETING_VERSION = 1.0;
				PRODUCT_BUNDLE_IDENTIFIER = com.CampusCuisine.DH;
				PRODUCT_NAME = "$(TARGET_NAME)";
				SWIFT_EMIT_LOC_STRINGS = YES;
				SWIFT_VERSION = 5.0;
				TARGETED_DEVICE_FAMILY = 1;
			};
			name = Debug;
		};
		2B59AE2429086FA90015ABAB /* Release */ = {
			isa = XCBuildConfiguration;
			baseConfigurationReference = D05CF450628FF0AC32BF773C /* Pods-UCLA Dining.release.xcconfig */;
			buildSettings = {
				ASSETCATALOG_COMPILER_APPICON_NAME = AppIcon;
				ASSETCATALOG_COMPILER_GLOBAL_ACCENT_COLOR_NAME = AccentColor;
				CODE_SIGN_STYLE = Automatic;
				CURRENT_PROJECT_VERSION = 2;
				DEVELOPMENT_ASSET_PATHS = "\"UCLA Dining/Preview Content\"";
				DEVELOPMENT_TEAM = H3J4YJ2PSN;
				ENABLE_PREVIEWS = YES;
				GENERATE_INFOPLIST_FILE = YES;
				INFOPLIST_FILE = "UCLA-Dining-Info.plist";
				INFOPLIST_KEY_CFBundleDisplayName = "Campus Cuisine";
				INFOPLIST_KEY_UIApplicationSceneManifest_Generation = YES;
				INFOPLIST_KEY_UIApplicationSupportsIndirectInputEvents = YES;
				INFOPLIST_KEY_UILaunchScreen_Generation = YES;
				INFOPLIST_KEY_UISupportedInterfaceOrientations = UIInterfaceOrientationPortrait;
				INFOPLIST_KEY_UISupportedInterfaceOrientations_iPad = "UIInterfaceOrientationLandscapeLeft UIInterfaceOrientationLandscapeRight UIInterfaceOrientationPortrait UIInterfaceOrientationPortraitUpsideDown";
				LD_RUNPATH_SEARCH_PATHS = (
					"$(inherited)",
					"@executable_path/Frameworks",
				);
				MARKETING_VERSION = 1.0;
				PRODUCT_BUNDLE_IDENTIFIER = com.CampusCuisine.DH;
				PRODUCT_NAME = "$(TARGET_NAME)";
				SWIFT_EMIT_LOC_STRINGS = YES;
				SWIFT_VERSION = 5.0;
				TARGETED_DEVICE_FAMILY = 1;
			};
			name = Release;
		};
/* End XCBuildConfiguration section */

/* Begin XCConfigurationList section */
		2B59AE0F29086FA50015ABAB /* Build configuration list for PBXProject "UCLA Dining" */ = {
			isa = XCConfigurationList;
			buildConfigurations = (
				2B59AE2029086FA90015ABAB /* Debug */,
				2B59AE2129086FA90015ABAB /* Release */,
			);
			defaultConfigurationIsVisible = 0;
			defaultConfigurationName = Release;
		};
		2B59AE2229086FA90015ABAB /* Build configuration list for PBXNativeTarget "UCLA Dining" */ = {
			isa = XCConfigurationList;
			buildConfigurations = (
				2B59AE2329086FA90015ABAB /* Debug */,
				2B59AE2429086FA90015ABAB /* Release */,
			);
			defaultConfigurationIsVisible = 0;
			defaultConfigurationName = Release;
		};
/* End XCConfigurationList section */

/* Begin XCRemoteSwiftPackageReference section */
		2B0B81482997959900EA6B74 /* XCRemoteSwiftPackageReference "Alamofire" */ = {
			isa = XCRemoteSwiftPackageReference;
			repositoryURL = "https://github.com/Alamofire/Alamofire.git";
			requirement = {
				kind = upToNextMajorVersion;
				minimumVersion = 5.0.0;
			};
		};
		91E137EB29A0A77B00C26AE7 /* XCRemoteSwiftPackageReference "SwiftUIX" */ = {
			isa = XCRemoteSwiftPackageReference;
			repositoryURL = "https://github.com/SwiftUIX/SwiftUIX.git";
			requirement = {
				branch = master;
				kind = branch;
			};
		};
/* End XCRemoteSwiftPackageReference section */

/* Begin XCSwiftPackageProductDependency section */
		2B0B81492997959900EA6B74 /* Alamofire */ = {
			isa = XCSwiftPackageProductDependency;
			package = 2B0B81482997959900EA6B74 /* XCRemoteSwiftPackageReference "Alamofire" */;
			productName = Alamofire;
		};
		91E137EC29A0A77B00C26AE7 /* SwiftUIX */ = {
			isa = XCSwiftPackageProductDependency;
			package = 91E137EB29A0A77B00C26AE7 /* XCRemoteSwiftPackageReference "SwiftUIX" */;
			productName = SwiftUIX;
		};
/* End XCSwiftPackageProductDependency section */
	};
	rootObject = 2B59AE0C29086FA50015ABAB /* Project object */;
}
